
Microsoft Visual Studio Solution File, Format Version 12.00
# Visual Studio Version 16
VisualStudioVersion = 16.0.30011.22
MinimumVisualStudioVersion = 10.0.40219.1
Project("{9A19103F-16F7-4668-BE54-9A1E7A4F7556}") = "PokemonItaly.API", "PokemonItaly\PokemonItaly.API.csproj", "{724BA47B-2E17-4C9B-A575-E1D8D1F3056D}"
EndProject
Project("{9A19103F-16F7-4668-BE54-9A1E7A4F7556}") = "PokemonItaly.Service", "PokemonItaly.Service\PokemonItaly.Service.csproj", "{08B1D736-C392-4015-97AB-F25BCFA0B3FF}"
EndProject
Project("{9A19103F-16F7-4668-BE54-9A1E7A4F7556}") = "PokemonItaly.Interface", "PokemonItaly.Interface\PokemonItaly.Interface.csproj", "{52C4C6AC-A07D-435D-A654-837C6082F2CB}"
EndProject
Project("{9A19103F-16F7-4668-BE54-9A1E7A4F7556}") = "PokemonItaly.Data", "Pokemon.Data\PokemonItaly.Data.csproj", "{64673537-52BF-44E0-A071-5CD380D775FF}"
EndProject
Project("{2150E333-8FDC-42A3-9474-1A3956D46DE8}") = "src", "src", "{57F3603A-63FE-4E97-9489-046ED9B7D12D}"
EndProject
Project("{2150E333-8FDC-42A3-9474-1A3956D46DE8}") = "test", "test", "{108F4B56-7F23-4B75-BF75-F644BB1546A8}"
EndProject
Project("{9A19103F-16F7-4668-BE54-9A1E7A4F7556}") = "PokemonItaly.Tests", "PokemonItaly.Tests\PokemonItaly.Tests.csproj", "{38253534-603E-42B1-95F7-D6C82F757FF3}"
EndProject
Global
	GlobalSection(SolutionConfigurationPlatforms) = preSolution
		Debug|Any CPU = Debug|Any CPU
		Release|Any CPU = Release|Any CPU
	EndGlobalSection
	GlobalSection(ProjectConfigurationPlatforms) = postSolution
		{724BA47B-2E17-4C9B-A575-E1D8D1F3056D}.Debug|Any CPU.ActiveCfg = Debug|Any CPU
		{724BA47B-2E17-4C9B-A575-E1D8D1F3056D}.Debug|Any CPU.Build.0 = Debug|Any CPU
		{724BA47B-2E17-4C9B-A575-E1D8D1F3056D}.Release|Any CPU.ActiveCfg = Release|Any CPU
		{724BA47B-2E17-4C9B-A575-E1D8D1F3056D}.Release|Any CPU.Build.0 = Release|Any CPU
		{08B1D736-C392-4015-97AB-F25BCFA0B3FF}.Debug|Any CPU.ActiveCfg = Debug|Any CPU
		{08B1D736-C392-4015-97AB-F25BCFA0B3FF}.Debug|Any CPU.Build.0 = Debug|Any CPU
		{08B1D736-C392-4015-97AB-F25BCFA0B3FF}.Release|Any CPU.ActiveCfg = Release|Any CPU
		{08B1D736-C392-4015-97AB-F25BCFA0B3FF}.Release|Any CPU.Build.0 = Release|Any CPU
		{52C4C6AC-A07D-435D-A654-837C6082F2CB}.Debug|Any CPU.ActiveCfg = Debug|Any CPU
		{52C4C6AC-A07D-435D-A654-837C6082F2CB}.Debug|Any CPU.Build.0 = Debug|Any CPU
		{52C4C6AC-A07D-435D-A654-837C6082F2CB}.Release|Any CPU.ActiveCfg = Release|Any CPU
		{52C4C6AC-A07D-435D-A654-837C6082F2CB}.Release|Any CPU.Build.0 = Release|Any CPU
		{64673537-52BF-44E0-A071-5CD380D775FF}.Debug|Any CPU.ActiveCfg = Debug|Any CPU
		{64673537-52BF-44E0-A071-5CD380D775FF}.Debug|Any CPU.Build.0 = Debug|Any CPU
		{64673537-52BF-44E0-A071-5CD380D775FF}.Release|Any CPU.ActiveCfg = Release|Any CPU
		{64673537-52BF-44E0-A071-5CD380D775FF}.Release|Any CPU.Build.0 = Release|Any CPU
		{38253534-603E-42B1-95F7-D6C82F757FF3}.Debug|Any CPU.ActiveCfg = Debug|Any CPU
		{38253534-603E-42B1-95F7-D6C82F757FF3}.Debug|Any CPU.Build.0 = Debug|Any CPU
		{38253534-603E-42B1-95F7-D6C82F757FF3}.Release|Any CPU.ActiveCfg = Release|Any CPU
		{38253534-603E-42B1-95F7-D6C82F757FF3}.Release|Any CPU.Build.0 = Release|Any CPU
	EndGlobalSection
	GlobalSection(SolutionProperties) = preSolution
		HideSolutionNode = FALSE
	EndGlobalSection
	GlobalSection(NestedProjects) = preSolution
		{724BA47B-2E17-4C9B-A575-E1D8D1F3056D} = {57F3603A-63FE-4E97-9489-046ED9B7D12D}
		{08B1D736-C392-4015-97AB-F25BCFA0B3FF} = {57F3603A-63FE-4E97-9489-046ED9B7D12D}
		{52C4C6AC-A07D-435D-A654-837C6082F2CB} = {57F3603A-63FE-4E97-9489-046ED9B7D12D}
		{64673537-52BF-44E0-A071-5CD380D775FF} = {57F3603A-63FE-4E97-9489-046ED9B7D12D}
		{38253534-603E-42B1-95F7-D6C82F757FF3} = {108F4B56-7F23-4B75-BF75-F644BB1546A8}
	EndGlobalSection
	GlobalSection(ExtensibilityGlobals) = postSolution
		SolutionGuid = {776E0563-06A7-4942-8855-3F52EAB9EA32}
	EndGlobalSection
EndGlobal
